// !$*UTF8*$!
{
	archiveVersion = 1;
	classes = {
	};
	objectVersion = 55;
	objects = {

/* Begin PBXBuildFile section */
		2540C3A559E3FE3FB3007C96 /* Pods_BasicRxSwift_BasicRxSwiftUITests.framework in Frameworks */ = {isa = PBXBuildFile; fileRef = A85655B16AC0015F2C7F95D4 /* Pods_BasicRxSwift_BasicRxSwiftUITests.framework */; };
		523CAEBA75B86887147242E6 /* Pods_BasicRxSwift.framework in Frameworks */ = {isa = PBXBuildFile; fileRef = 6FAF9F32CDDA909DC37C8767 /* Pods_BasicRxSwift.framework */; };
		600CAD6D28F56DB100184023 /* BaseViewController.swift in Sources */ = {isa = PBXBuildFile; fileRef = 600CAD6C28F56DB100184023 /* BaseViewController.swift */; };
		600CAD7328F9156700184023 /* Networking.swift in Sources */ = {isa = PBXBuildFile; fileRef = 600CAD7228F9156700184023 /* Networking.swift */; };
		600CAD7928F9184700184023 /* User.swift in Sources */ = {isa = PBXBuildFile; fileRef = 600CAD7828F9184700184023 /* User.swift */; };
		600CAD7D28F919FD00184023 /* User.json in Resources */ = {isa = PBXBuildFile; fileRef = 600CAD7C28F919FD00184023 /* User.json */; };
		6010313028BF63CE005274FD /* WebViewController.swift in Sources */ = {isa = PBXBuildFile; fileRef = 6010312E28BF63CE005274FD /* WebViewController.swift */; };
		6010313128BF63CE005274FD /* WebViewController.xib in Resources */ = {isa = PBXBuildFile; fileRef = 6010312F28BF63CE005274FD /* WebViewController.xib */; };
		6010313328BF63EE005274FD /* index.html in Resources */ = {isa = PBXBuildFile; fileRef = 6010313228BF63EE005274FD /* index.html */; };
		602EA34328B6050D004F1836 /* ViewModel.swift in Sources */ = {isa = PBXBuildFile; fileRef = 602EA34228B6050D004F1836 /* ViewModel.swift */; };
		602EA34828B66A74004F1836 /* ActivityIndicator.swift in Sources */ = {isa = PBXBuildFile; fileRef = 602EA34728B66A74004F1836 /* ActivityIndicator.swift */; };
		602FB220289BA7D900777269 /* ProvinceViewController.swift in Sources */ = {isa = PBXBuildFile; fileRef = 602FB21E289BA7D900777269 /* ProvinceViewController.swift */; };
		602FB221289BA7D900777269 /* ProvinceViewController.xib in Resources */ = {isa = PBXBuildFile; fileRef = 602FB21F289BA7D900777269 /* ProvinceViewController.xib */; };
		6072417B2890F9CA00D33275 /* AppDelegate.swift in Sources */ = {isa = PBXBuildFile; fileRef = 6072417A2890F9CA00D33275 /* AppDelegate.swift */; };
		607241842890F9CB00D33275 /* Assets.xcassets in Resources */ = {isa = PBXBuildFile; fileRef = 607241832890F9CB00D33275 /* Assets.xcassets */; };
		607241922890F9CB00D33275 /* BasicRxSwiftTests.swift in Sources */ = {isa = PBXBuildFile; fileRef = 607241912890F9CB00D33275 /* BasicRxSwiftTests.swift */; };
		6072419C2890F9CB00D33275 /* BasicRxSwiftUITests.swift in Sources */ = {isa = PBXBuildFile; fileRef = 6072419B2890F9CB00D33275 /* BasicRxSwiftUITests.swift */; };
		6072419E2890F9CB00D33275 /* BasicRxSwiftUITestsLaunchTests.swift in Sources */ = {isa = PBXBuildFile; fileRef = 6072419D2890F9CB00D33275 /* BasicRxSwiftUITestsLaunchTests.swift */; };
		607241AE2890FA3800D33275 /* HomeViewController.swift in Sources */ = {isa = PBXBuildFile; fileRef = 607241AC2890FA3800D33275 /* HomeViewController.swift */; };
		607241AF2890FA3800D33275 /* HomeViewController.xib in Resources */ = {isa = PBXBuildFile; fileRef = 607241AD2890FA3800D33275 /* HomeViewController.xib */; };
		60796A2028A36BE7005115D9 /* LoginViewController.swift in Sources */ = {isa = PBXBuildFile; fileRef = 60796A1E28A36BE7005115D9 /* LoginViewController.swift */; };
		60796A2128A36BE7005115D9 /* LoginViewController.xib in Resources */ = {isa = PBXBuildFile; fileRef = 60796A1F28A36BE7005115D9 /* LoginViewController.xib */; };
		60796A2328A36C2C005115D9 /* LoginViewModel.swift in Sources */ = {isa = PBXBuildFile; fileRef = 60796A2228A36C2C005115D9 /* LoginViewModel.swift */; };
		6086A86228939AF70092C96B /* HomeModel.swift in Sources */ = {isa = PBXBuildFile; fileRef = 6086A86128939AF70092C96B /* HomeModel.swift */; };
		60977BF9289CBCDA00AF091A /* Country.swift in Sources */ = {isa = PBXBuildFile; fileRef = 60977BF8289CBCDA00AF091A /* Country.swift */; };
		60977BFB289CBE9B00AF091A /* APIRequest.swift in Sources */ = {isa = PBXBuildFile; fileRef = 60977BFA289CBE9B00AF091A /* APIRequest.swift */; };
		60AF897F28976E07003D6836 /* WeatherCityViewController.swift in Sources */ = {isa = PBXBuildFile; fileRef = 60AF897D28976E07003D6836 /* WeatherCityViewController.swift */; };
		60AF898028976E07003D6836 /* WeatherCityViewController.xib in Resources */ = {isa = PBXBuildFile; fileRef = 60AF897E28976E07003D6836 /* WeatherCityViewController.xib */; };
		60AF89822897C5EB003D6836 /* WeatherAPI.swift in Sources */ = {isa = PBXBuildFile; fileRef = 60AF89812897C5EB003D6836 /* WeatherAPI.swift */; };
		60B0F59628EAC0EE008B8F4C /* ViewModelType.swift in Sources */ = {isa = PBXBuildFile; fileRef = 60B0F59528EAC0EE008B8F4C /* ViewModelType.swift */; };
		60BE528528A0B900005C9C0A /* ProvinceViewModel.swift in Sources */ = {isa = PBXBuildFile; fileRef = 60BE528428A0B900005C9C0A /* ProvinceViewModel.swift */; };
		60C7AF0B2892686C006038FF /* ChangeAvatarViewController.swift in Sources */ = {isa = PBXBuildFile; fileRef = 60C7AF092892686C006038FF /* ChangeAvatarViewController.swift */; };
		60C7AF0C2892686C006038FF /* ChangeAvatarViewController.xib in Resources */ = {isa = PBXBuildFile; fileRef = 60C7AF0A2892686C006038FF /* ChangeAvatarViewController.xib */; };
		F4DEAD0689059153071AE62D /* Pods_BasicRxSwiftTests.framework in Frameworks */ = {isa = PBXBuildFile; fileRef = E20B74493B061B58835ED267 /* Pods_BasicRxSwiftTests.framework */; };
/* End PBXBuildFile section */

/* Begin PBXContainerItemProxy section */
		6072418E2890F9CB00D33275 /* PBXContainerItemProxy */ = {
			isa = PBXContainerItemProxy;
			containerPortal = 6072416F2890F9CA00D33275 /* Project object */;
			proxyType = 1;
			remoteGlobalIDString = 607241762890F9CA00D33275;
			remoteInfo = BasicRxSwift;
		};
		607241982890F9CB00D33275 /* PBXContainerItemProxy */ = {
			isa = PBXContainerItemProxy;
			containerPortal = 6072416F2890F9CA00D33275 /* Project object */;
			proxyType = 1;
			remoteGlobalIDString = 607241762890F9CA00D33275;
			remoteInfo = BasicRxSwift;
		};
/* End PBXContainerItemProxy section */

/* Begin PBXFileReference section */
		1BA84D5B1C4B58340021FD52 /* Pods-BasicRxSwift.debug.xcconfig */ = {isa = PBXFileReference; includeInIndex = 1; lastKnownFileType = text.xcconfig; name = "Pods-BasicRxSwift.debug.xcconfig"; path = "Target Support Files/Pods-BasicRxSwift/Pods-BasicRxSwift.debug.xcconfig"; sourceTree = "<group>"; };
		33C1D6B759F9AF509188C33C /* Pods-BasicRxSwift-BasicRxSwiftTests.debug.xcconfig */ = {isa = PBXFileReference; includeInIndex = 1; lastKnownFileType = text.xcconfig; name = "Pods-BasicRxSwift-BasicRxSwiftTests.debug.xcconfig"; path = "Target Support Files/Pods-BasicRxSwift-BasicRxSwiftTests/Pods-BasicRxSwift-BasicRxSwiftTests.debug.xcconfig"; sourceTree = "<group>"; };
		3B22E5100440F969DF85A309 /* Pods-BasicRxSwift.release.xcconfig */ = {isa = PBXFileReference; includeInIndex = 1; lastKnownFileType = text.xcconfig; name = "Pods-BasicRxSwift.release.xcconfig"; path = "Target Support Files/Pods-BasicRxSwift/Pods-BasicRxSwift.release.xcconfig"; sourceTree = "<group>"; };
		43B746ACD942435A5CFA44EB /* Pods-BasicRxSwift-BasicRxSwiftUITests.release.xcconfig */ = {isa = PBXFileReference; includeInIndex = 1; lastKnownFileType = text.xcconfig; name = "Pods-BasicRxSwift-BasicRxSwiftUITests.release.xcconfig"; path = "Target Support Files/Pods-BasicRxSwift-BasicRxSwiftUITests/Pods-BasicRxSwift-BasicRxSwiftUITests.release.xcconfig"; sourceTree = "<group>"; };
		5DFD81CDB3BD8E3BC3EBC524 /* Pods-BasicRxSwift-BasicRxSwiftUITests.debug.xcconfig */ = {isa = PBXFileReference; includeInIndex = 1; lastKnownFileType = text.xcconfig; name = "Pods-BasicRxSwift-BasicRxSwiftUITests.debug.xcconfig"; path = "Target Support Files/Pods-BasicRxSwift-BasicRxSwiftUITests/Pods-BasicRxSwift-BasicRxSwiftUITests.debug.xcconfig"; sourceTree = "<group>"; };
		600CAD6C28F56DB100184023 /* BaseViewController.swift */ = {isa = PBXFileReference; lastKnownFileType = sourcecode.swift; path = BaseViewController.swift; sourceTree = "<group>"; };
		600CAD7228F9156700184023 /* Networking.swift */ = {isa = PBXFileReference; lastKnownFileType = sourcecode.swift; path = Networking.swift; sourceTree = "<group>"; };
		600CAD7828F9184700184023 /* User.swift */ = {isa = PBXFileReference; lastKnownFileType = sourcecode.swift; path = User.swift; sourceTree = "<group>"; };
		600CAD7C28F919FD00184023 /* User.json */ = {isa = PBXFileReference; lastKnownFileType = text.json; path = User.json; sourceTree = "<group>"; };
		6010312E28BF63CE005274FD /* WebViewController.swift */ = {isa = PBXFileReference; lastKnownFileType = sourcecode.swift; path = WebViewController.swift; sourceTree = "<group>"; };
		6010312F28BF63CE005274FD /* WebViewController.xib */ = {isa = PBXFileReference; lastKnownFileType = file.xib; path = WebViewController.xib; sourceTree = "<group>"; };
		6010313228BF63EE005274FD /* index.html */ = {isa = PBXFileReference; lastKnownFileType = text.html; path = index.html; sourceTree = "<group>"; };
		602EA34228B6050D004F1836 /* ViewModel.swift */ = {isa = PBXFileReference; lastKnownFileType = sourcecode.swift; path = ViewModel.swift; sourceTree = "<group>"; };
		602EA34728B66A74004F1836 /* ActivityIndicator.swift */ = {isa = PBXFileReference; lastKnownFileType = sourcecode.swift; path = ActivityIndicator.swift; sourceTree = "<group>"; };
		602FB21E289BA7D900777269 /* ProvinceViewController.swift */ = {isa = PBXFileReference; lastKnownFileType = sourcecode.swift; path = ProvinceViewController.swift; sourceTree = "<group>"; };
		602FB21F289BA7D900777269 /* ProvinceViewController.xib */ = {isa = PBXFileReference; lastKnownFileType = file.xib; path = ProvinceViewController.xib; sourceTree = "<group>"; };
		607241772890F9CA00D33275 /* BasicRxSwift.app */ = {isa = PBXFileReference; explicitFileType = wrapper.application; includeInIndex = 0; path = BasicRxSwift.app; sourceTree = BUILT_PRODUCTS_DIR; };
		6072417A2890F9CA00D33275 /* AppDelegate.swift */ = {isa = PBXFileReference; lastKnownFileType = sourcecode.swift; path = AppDelegate.swift; sourceTree = "<group>"; };
		607241832890F9CB00D33275 /* Assets.xcassets */ = {isa = PBXFileReference; lastKnownFileType = folder.assetcatalog; path = Assets.xcassets; sourceTree = "<group>"; };
		607241882890F9CB00D33275 /* Info.plist */ = {isa = PBXFileReference; lastKnownFileType = text.plist.xml; path = Info.plist; sourceTree = "<group>"; };
		6072418D2890F9CB00D33275 /* BasicRxSwiftTests.xctest */ = {isa = PBXFileReference; explicitFileType = wrapper.cfbundle; includeInIndex = 0; path = BasicRxSwiftTests.xctest; sourceTree = BUILT_PRODUCTS_DIR; };
		607241912890F9CB00D33275 /* BasicRxSwiftTests.swift */ = {isa = PBXFileReference; lastKnownFileType = sourcecode.swift; path = BasicRxSwiftTests.swift; sourceTree = "<group>"; };
		607241972890F9CB00D33275 /* BasicRxSwiftUITests.xctest */ = {isa = PBXFileReference; explicitFileType = wrapper.cfbundle; includeInIndex = 0; path = BasicRxSwiftUITests.xctest; sourceTree = BUILT_PRODUCTS_DIR; };
		6072419B2890F9CB00D33275 /* BasicRxSwiftUITests.swift */ = {isa = PBXFileReference; lastKnownFileType = sourcecode.swift; path = BasicRxSwiftUITests.swift; sourceTree = "<group>"; };
		6072419D2890F9CB00D33275 /* BasicRxSwiftUITestsLaunchTests.swift */ = {isa = PBXFileReference; lastKnownFileType = sourcecode.swift; path = BasicRxSwiftUITestsLaunchTests.swift; sourceTree = "<group>"; };
		607241AC2890FA3800D33275 /* HomeViewController.swift */ = {isa = PBXFileReference; lastKnownFileType = sourcecode.swift; path = HomeViewController.swift; sourceTree = "<group>"; };
		607241AD2890FA3800D33275 /* HomeViewController.xib */ = {isa = PBXFileReference; lastKnownFileType = file.xib; path = HomeViewController.xib; sourceTree = "<group>"; };
		60796A1E28A36BE7005115D9 /* LoginViewController.swift */ = {isa = PBXFileReference; lastKnownFileType = sourcecode.swift; path = LoginViewController.swift; sourceTree = "<group>"; };
		60796A1F28A36BE7005115D9 /* LoginViewController.xib */ = {isa = PBXFileReference; lastKnownFileType = file.xib; path = LoginViewController.xib; sourceTree = "<group>"; };
		60796A2228A36C2C005115D9 /* LoginViewModel.swift */ = {isa = PBXFileReference; lastKnownFileType = sourcecode.swift; path = LoginViewModel.swift; sourceTree = "<group>"; };
		6086A86128939AF70092C96B /* HomeModel.swift */ = {isa = PBXFileReference; lastKnownFileType = sourcecode.swift; path = HomeModel.swift; sourceTree = "<group>"; };
		60977BF8289CBCDA00AF091A /* Country.swift */ = {isa = PBXFileReference; lastKnownFileType = sourcecode.swift; path = Country.swift; sourceTree = "<group>"; };
		60977BFA289CBE9B00AF091A /* APIRequest.swift */ = {isa = PBXFileReference; lastKnownFileType = sourcecode.swift; path = APIRequest.swift; sourceTree = "<group>"; };
		60AF897D28976E07003D6836 /* WeatherCityViewController.swift */ = {isa = PBXFileReference; lastKnownFileType = sourcecode.swift; path = WeatherCityViewController.swift; sourceTree = "<group>"; };
		60AF897E28976E07003D6836 /* WeatherCityViewController.xib */ = {isa = PBXFileReference; lastKnownFileType = file.xib; path = WeatherCityViewController.xib; sourceTree = "<group>"; };
		60AF89812897C5EB003D6836 /* WeatherAPI.swift */ = {isa = PBXFileReference; lastKnownFileType = sourcecode.swift; path = WeatherAPI.swift; sourceTree = "<group>"; };
		60B0F59528EAC0EE008B8F4C /* ViewModelType.swift */ = {isa = PBXFileReference; lastKnownFileType = sourcecode.swift; path = ViewModelType.swift; sourceTree = "<group>"; };
		60BE528428A0B900005C9C0A /* ProvinceViewModel.swift */ = {isa = PBXFileReference; lastKnownFileType = sourcecode.swift; path = ProvinceViewModel.swift; sourceTree = "<group>"; };
		60C7AF092892686C006038FF /* ChangeAvatarViewController.swift */ = {isa = PBXFileReference; lastKnownFileType = sourcecode.swift; path = ChangeAvatarViewController.swift; sourceTree = "<group>"; };
		60C7AF0A2892686C006038FF /* ChangeAvatarViewController.xib */ = {isa = PBXFileReference; lastKnownFileType = file.xib; path = ChangeAvatarViewController.xib; sourceTree = "<group>"; };
		6FAF9F32CDDA909DC37C8767 /* Pods_BasicRxSwift.framework */ = {isa = PBXFileReference; explicitFileType = wrapper.framework; includeInIndex = 0; path = Pods_BasicRxSwift.framework; sourceTree = BUILT_PRODUCTS_DIR; };
		75A4878EAC29D12B672A8B24 /* Pods-BasicRxSwift-BasicRxSwiftTests.release.xcconfig */ = {isa = PBXFileReference; includeInIndex = 1; lastKnownFileType = text.xcconfig; name = "Pods-BasicRxSwift-BasicRxSwiftTests.release.xcconfig"; path = "Target Support Files/Pods-BasicRxSwift-BasicRxSwiftTests/Pods-BasicRxSwift-BasicRxSwiftTests.release.xcconfig"; sourceTree = "<group>"; };
		A85655B16AC0015F2C7F95D4 /* Pods_BasicRxSwift_BasicRxSwiftUITests.framework */ = {isa = PBXFileReference; explicitFileType = wrapper.framework; includeInIndex = 0; path = Pods_BasicRxSwift_BasicRxSwiftUITests.framework; sourceTree = BUILT_PRODUCTS_DIR; };
		CA2860ECCC5DF27782F6726A /* Pods-BasicRxSwiftTests.debug.xcconfig */ = {isa = PBXFileReference; includeInIndex = 1; lastKnownFileType = text.xcconfig; name = "Pods-BasicRxSwiftTests.debug.xcconfig"; path = "Target Support Files/Pods-BasicRxSwiftTests/Pods-BasicRxSwiftTests.debug.xcconfig"; sourceTree = "<group>"; };
		DC78867290E4F05AA47D0F38 /* Pods-BasicRxSwiftTests.release.xcconfig */ = {isa = PBXFileReference; includeInIndex = 1; lastKnownFileType = text.xcconfig; name = "Pods-BasicRxSwiftTests.release.xcconfig"; path = "Target Support Files/Pods-BasicRxSwiftTests/Pods-BasicRxSwiftTests.release.xcconfig"; sourceTree = "<group>"; };
		E20B74493B061B58835ED267 /* Pods_BasicRxSwiftTests.framework */ = {isa = PBXFileReference; explicitFileType = wrapper.framework; includeInIndex = 0; path = Pods_BasicRxSwiftTests.framework; sourceTree = BUILT_PRODUCTS_DIR; };
/* End PBXFileReference section */

/* Begin PBXFrameworksBuildPhase section */
		607241742890F9CA00D33275 /* Frameworks */ = {
			isa = PBXFrameworksBuildPhase;
			buildActionMask = 2147483647;
			files = (
				523CAEBA75B86887147242E6 /* Pods_BasicRxSwift.framework in Frameworks */,
			);
			runOnlyForDeploymentPostprocessing = 0;
		};
		6072418A2890F9CB00D33275 /* Frameworks */ = {
			isa = PBXFrameworksBuildPhase;
			buildActionMask = 2147483647;
			files = (
				F4DEAD0689059153071AE62D /* Pods_BasicRxSwiftTests.framework in Frameworks */,
			);
			runOnlyForDeploymentPostprocessing = 0;
		};
		607241942890F9CB00D33275 /* Frameworks */ = {
			isa = PBXFrameworksBuildPhase;
			buildActionMask = 2147483647;
			files = (
				2540C3A559E3FE3FB3007C96 /* Pods_BasicRxSwift_BasicRxSwiftUITests.framework in Frameworks */,
			);
			runOnlyForDeploymentPostprocessing = 0;
		};
/* End PBXFrameworksBuildPhase section */

/* Begin PBXGroup section */
		373D3A348A97DFC79382C3AB /* Frameworks */ = {
			isa = PBXGroup;
			children = (
				6FAF9F32CDDA909DC37C8767 /* Pods_BasicRxSwift.framework */,
				A85655B16AC0015F2C7F95D4 /* Pods_BasicRxSwift_BasicRxSwiftUITests.framework */,
				E20B74493B061B58835ED267 /* Pods_BasicRxSwiftTests.framework */,
			);
			name = Frameworks;
			sourceTree = "<group>";
		};
		600CAD6B28F56D7E00184023 /* BaseViewController */ = {
			isa = PBXGroup;
			children = (
				600CAD6C28F56DB100184023 /* BaseViewController.swift */,
			);
			path = BaseViewController;
			sourceTree = "<group>";
		};
		6010312D28BF63A3005274FD /* WebView */ = {
			isa = PBXGroup;
			children = (
				6010312E28BF63CE005274FD /* WebViewController.swift */,
				6010312F28BF63CE005274FD /* WebViewController.xib */,
			);
			path = WebView;
			sourceTree = "<group>";
		};
		602EA34128B604F7004F1836 /* BaseViewModel */ = {
			isa = PBXGroup;
			children = (
				602EA34228B6050D004F1836 /* ViewModel.swift */,
			);
			path = BaseViewModel;
			sourceTree = "<group>";
		};
		602FB21D289BA7AC00777269 /* Province */ = {
			isa = PBXGroup;
			children = (
				602FB21E289BA7D900777269 /* ProvinceViewController.swift */,
				602FB21F289BA7D900777269 /* ProvinceViewController.xib */,
				60BE528428A0B900005C9C0A /* ProvinceViewModel.swift */,
			);
			path = Province;
			sourceTree = "<group>";
		};
		6072416E2890F9CA00D33275 = {
			isa = PBXGroup;
			children = (
				607241792890F9CA00D33275 /* BasicRxSwift */,
				607241902890F9CB00D33275 /* BasicRxSwiftTests */,
				6072419A2890F9CB00D33275 /* BasicRxSwiftUITests */,
				607241782890F9CA00D33275 /* Products */,
				E7B7A8C2778DC1A5ECF8D778 /* Pods */,
				373D3A348A97DFC79382C3AB /* Frameworks */,
			);
			sourceTree = "<group>";
		};
		607241782890F9CA00D33275 /* Products */ = {
			isa = PBXGroup;
			children = (
				607241772890F9CA00D33275 /* BasicRxSwift.app */,
				6072418D2890F9CB00D33275 /* BasicRxSwiftTests.xctest */,
				607241972890F9CB00D33275 /* BasicRxSwiftUITests.xctest */,
			);
			name = Products;
			sourceTree = "<group>";
		};
		607241792890F9CA00D33275 /* BasicRxSwift */ = {
			isa = PBXGroup;
			children = (
				60977BF7289CBCC200AF091A /* Model */,
				607241AA2890FA0400D33275 /* Controller */,
				6072417A2890F9CA00D33275 /* AppDelegate.swift */,
				607241832890F9CB00D33275 /* Assets.xcassets */,
				607241882890F9CB00D33275 /* Info.plist */,
				60AF89812897C5EB003D6836 /* WeatherAPI.swift */,
				60977BFA289CBE9B00AF091A /* APIRequest.swift */,
				600CAD7228F9156700184023 /* Networking.swift */,
			);
			path = BasicRxSwift;
			sourceTree = "<group>";
		};
		607241902890F9CB00D33275 /* BasicRxSwiftTests */ = {
			isa = PBXGroup;
			children = (
				607241912890F9CB00D33275 /* BasicRxSwiftTests.swift */,
			);
			path = BasicRxSwiftTests;
			sourceTree = "<group>";
		};
		6072419A2890F9CB00D33275 /* BasicRxSwiftUITests */ = {
			isa = PBXGroup;
			children = (
				6072419B2890F9CB00D33275 /* BasicRxSwiftUITests.swift */,
				6072419D2890F9CB00D33275 /* BasicRxSwiftUITestsLaunchTests.swift */,
			);
			path = BasicRxSwiftUITests;
			sourceTree = "<group>";
		};
		607241AA2890FA0400D33275 /* Controller */ = {
			isa = PBXGroup;
			children = (
				600CAD6B28F56D7E00184023 /* BaseViewController */,
				6010312D28BF63A3005274FD /* WebView */,
				602EA34128B604F7004F1836 /* BaseViewModel */,
				60796A1D28A36BCB005115D9 /* Login */,
				602FB21D289BA7AC00777269 /* Province */,
				60AF897C28976DCF003D6836 /* Weather */,
				60C7AF0828926851006038FF /* ChangeAvatar */,
				607241AB2890FA0C00D33275 /* Home */,
				602EA34728B66A74004F1836 /* ActivityIndicator.swift */,
				6010313228BF63EE005274FD /* index.html */,
				60B0F59528EAC0EE008B8F4C /* ViewModelType.swift */,
			);
			path = Controller;
			sourceTree = "<group>";
		};
		607241AB2890FA0C00D33275 /* Home */ = {
			isa = PBXGroup;
			children = (
				607241AC2890FA3800D33275 /* HomeViewController.swift */,
				6086A86128939AF70092C96B /* HomeModel.swift */,
				607241AD2890FA3800D33275 /* HomeViewController.xib */,
			);
			path = Home;
			sourceTree = "<group>";
		};
		60796A1D28A36BCB005115D9 /* Login */ = {
			isa = PBXGroup;
			children = (
				60796A1E28A36BE7005115D9 /* LoginViewController.swift */,
				60796A2228A36C2C005115D9 /* LoginViewModel.swift */,
				60796A1F28A36BE7005115D9 /* LoginViewController.xib */,
			);
			path = Login;
			sourceTree = "<group>";
		};
		60977BF7289CBCC200AF091A /* Model */ = {
			isa = PBXGroup;
			children = (
				60977BF8289CBCDA00AF091A /* Country.swift */,
				600CAD7828F9184700184023 /* User.swift */,
				600CAD7C28F919FD00184023 /* User.json */,
			);
			path = Model;
			sourceTree = "<group>";
		};
		60AF897C28976DCF003D6836 /* Weather */ = {
			isa = PBXGroup;
			children = (
				60AF897D28976E07003D6836 /* WeatherCityViewController.swift */,
				60AF897E28976E07003D6836 /* WeatherCityViewController.xib */,
			);
			path = Weather;
			sourceTree = "<group>";
		};
		60C7AF0828926851006038FF /* ChangeAvatar */ = {
			isa = PBXGroup;
			children = (
				60C7AF092892686C006038FF /* ChangeAvatarViewController.swift */,
				60C7AF0A2892686C006038FF /* ChangeAvatarViewController.xib */,
			);
			path = ChangeAvatar;
			sourceTree = "<group>";
		};
		E7B7A8C2778DC1A5ECF8D778 /* Pods */ = {
			isa = PBXGroup;
			children = (
				1BA84D5B1C4B58340021FD52 /* Pods-BasicRxSwift.debug.xcconfig */,
				3B22E5100440F969DF85A309 /* Pods-BasicRxSwift.release.xcconfig */,
				5DFD81CDB3BD8E3BC3EBC524 /* Pods-BasicRxSwift-BasicRxSwiftUITests.debug.xcconfig */,
				43B746ACD942435A5CFA44EB /* Pods-BasicRxSwift-BasicRxSwiftUITests.release.xcconfig */,
				CA2860ECCC5DF27782F6726A /* Pods-BasicRxSwiftTests.debug.xcconfig */,
				DC78867290E4F05AA47D0F38 /* Pods-BasicRxSwiftTests.release.xcconfig */,
				33C1D6B759F9AF509188C33C /* Pods-BasicRxSwift-BasicRxSwiftTests.debug.xcconfig */,
				75A4878EAC29D12B672A8B24 /* Pods-BasicRxSwift-BasicRxSwiftTests.release.xcconfig */,
			);
			path = Pods;
			sourceTree = "<group>";
		};
/* End PBXGroup section */

/* Begin PBXNativeTarget section */
		607241762890F9CA00D33275 /* BasicRxSwift */ = {
			isa = PBXNativeTarget;
			buildConfigurationList = 607241A12890F9CB00D33275 /* Build configuration list for PBXNativeTarget "BasicRxSwift" */;
			buildPhases = (
				1DA94170DED1B4F2CAB0ACA1 /* [CP] Check Pods Manifest.lock */,
				607241732890F9CA00D33275 /* Sources */,
				607241742890F9CA00D33275 /* Frameworks */,
				607241752890F9CA00D33275 /* Resources */,
				5A82F7B3CFB5DDBB72708E3A /* [CP] Embed Pods Frameworks */,
			);
			buildRules = (
			);
			dependencies = (
			);
			name = BasicRxSwift;
			productName = BasicRxSwift;
			productReference = 607241772890F9CA00D33275 /* BasicRxSwift.app */;
			productType = "com.apple.product-type.application";
		};
		6072418C2890F9CB00D33275 /* BasicRxSwiftTests */ = {
			isa = PBXNativeTarget;
			buildConfigurationList = 607241A42890F9CB00D33275 /* Build configuration list for PBXNativeTarget "BasicRxSwiftTests" */;
			buildPhases = (
				1E611F8718729A9C7F920FE7 /* [CP] Check Pods Manifest.lock */,
				607241892890F9CB00D33275 /* Sources */,
				6072418A2890F9CB00D33275 /* Frameworks */,
				6072418B2890F9CB00D33275 /* Resources */,
			);
			buildRules = (
			);
			dependencies = (
				6072418F2890F9CB00D33275 /* PBXTargetDependency */,
			);
			name = BasicRxSwiftTests;
			productName = BasicRxSwiftTests;
			productReference = 6072418D2890F9CB00D33275 /* BasicRxSwiftTests.xctest */;
			productType = "com.apple.product-type.bundle.unit-test";
		};
		607241962890F9CB00D33275 /* BasicRxSwiftUITests */ = {
			isa = PBXNativeTarget;
			buildConfigurationList = 607241A72890F9CB00D33275 /* Build configuration list for PBXNativeTarget "BasicRxSwiftUITests" */;
			buildPhases = (
				CC29387456E5295ECB4B9AB8 /* [CP] Check Pods Manifest.lock */,
				607241932890F9CB00D33275 /* Sources */,
				607241942890F9CB00D33275 /* Frameworks */,
				607241952890F9CB00D33275 /* Resources */,
				A337FC78753F77B1B456D592 /* [CP] Embed Pods Frameworks */,
			);
			buildRules = (
			);
			dependencies = (
				607241992890F9CB00D33275 /* PBXTargetDependency */,
			);
			name = BasicRxSwiftUITests;
			productName = BasicRxSwiftUITests;
			productReference = 607241972890F9CB00D33275 /* BasicRxSwiftUITests.xctest */;
			productType = "com.apple.product-type.bundle.ui-testing";
		};
/* End PBXNativeTarget section */

/* Begin PBXProject section */
		6072416F2890F9CA00D33275 /* Project object */ = {
			isa = PBXProject;
			attributes = {
				BuildIndependentTargetsInParallel = 1;
				LastSwiftUpdateCheck = 1310;
				LastUpgradeCheck = 1310;
				TargetAttributes = {
					607241762890F9CA00D33275 = {
						CreatedOnToolsVersion = 13.1;
					};
					6072418C2890F9CB00D33275 = {
						CreatedOnToolsVersion = 13.1;
						TestTargetID = 607241762890F9CA00D33275;
					};
					607241962890F9CB00D33275 = {
						CreatedOnToolsVersion = 13.1;
						TestTargetID = 607241762890F9CA00D33275;
					};
				};
			};
			buildConfigurationList = 607241722890F9CA00D33275 /* Build configuration list for PBXProject "BasicRxSwift" */;
			compatibilityVersion = "Xcode 13.0";
			developmentRegion = en;
			hasScannedForEncodings = 0;
			knownRegions = (
				en,
				Base,
			);
			mainGroup = 6072416E2890F9CA00D33275;
			productRefGroup = 607241782890F9CA00D33275 /* Products */;
			projectDirPath = "";
			projectRoot = "";
			targets = (
				607241762890F9CA00D33275 /* BasicRxSwift */,
				6072418C2890F9CB00D33275 /* BasicRxSwiftTests */,
				607241962890F9CB00D33275 /* BasicRxSwiftUITests */,
			);
		};
/* End PBXProject section */

/* Begin PBXResourcesBuildPhase section */
		607241752890F9CA00D33275 /* Resources */ = {
			isa = PBXResourcesBuildPhase;
			buildActionMask = 2147483647;
			files = (
				60C7AF0C2892686C006038FF /* ChangeAvatarViewController.xib in Resources */,
				607241842890F9CB00D33275 /* Assets.xcassets in Resources */,
				60796A2128A36BE7005115D9 /* LoginViewController.xib in Resources */,
				6010313128BF63CE005274FD /* WebViewController.xib in Resources */,
				600CAD7D28F919FD00184023 /* User.json in Resources */,
				60AF898028976E07003D6836 /* WeatherCityViewController.xib in Resources */,
				6010313328BF63EE005274FD /* index.html in Resources */,
				607241AF2890FA3800D33275 /* HomeViewController.xib in Resources */,
				602FB221289BA7D900777269 /* ProvinceViewController.xib in Resources */,
			);
			runOnlyForDeploymentPostprocessing = 0;
		};
		6072418B2890F9CB00D33275 /* Resources */ = {
			isa = PBXResourcesBuildPhase;
			buildActionMask = 2147483647;
			files = (
			);
			runOnlyForDeploymentPostprocessing = 0;
		};
		607241952890F9CB00D33275 /* Resources */ = {
			isa = PBXResourcesBuildPhase;
			buildActionMask = 2147483647;
			files = (
			);
			runOnlyForDeploymentPostprocessing = 0;
		};
/* End PBXResourcesBuildPhase section */

/* Begin PBXShellScriptBuildPhase section */
		1DA94170DED1B4F2CAB0ACA1 /* [CP] Check Pods Manifest.lock */ = {
			isa = PBXShellScriptBuildPhase;
			buildActionMask = 2147483647;
			files = (
			);
			inputFileListPaths = (
			);
			inputPaths = (
				"${PODS_PODFILE_DIR_PATH}/Podfile.lock",
				"${PODS_ROOT}/Manifest.lock",
			);
			name = "[CP] Check Pods Manifest.lock";
			outputFileListPaths = (
			);
			outputPaths = (
				"$(DERIVED_FILE_DIR)/Pods-BasicRxSwift-checkManifestLockResult.txt",
			);
			runOnlyForDeploymentPostprocessing = 0;
			shellPath = /bin/sh;
			shellScript = "diff \"${PODS_PODFILE_DIR_PATH}/Podfile.lock\" \"${PODS_ROOT}/Manifest.lock\" > /dev/null\nif [ $? != 0 ] ; then\n    # print error to STDERR\n    echo \"error: The sandbox is not in sync with the Podfile.lock. Run 'pod install' or update your CocoaPods installation.\" >&2\n    exit 1\nfi\n# This output is used by Xcode 'outputs' to avoid re-running this script phase.\necho \"SUCCESS\" > \"${SCRIPT_OUTPUT_FILE_0}\"\n";
			showEnvVarsInLog = 0;
		};
		1E611F8718729A9C7F920FE7 /* [CP] Check Pods Manifest.lock */ = {
			isa = PBXShellScriptBuildPhase;
			buildActionMask = 2147483647;
			files = (
			);
			inputFileListPaths = (
			);
			inputPaths = (
				"${PODS_PODFILE_DIR_PATH}/Podfile.lock",
				"${PODS_ROOT}/Manifest.lock",
			);
			name = "[CP] Check Pods Manifest.lock";
			outputFileListPaths = (
			);
			outputPaths = (
				"$(DERIVED_FILE_DIR)/Pods-BasicRxSwiftTests-checkManifestLockResult.txt",
			);
			runOnlyForDeploymentPostprocessing = 0;
			shellPath = /bin/sh;
			shellScript = "diff \"${PODS_PODFILE_DIR_PATH}/Podfile.lock\" \"${PODS_ROOT}/Manifest.lock\" > /dev/null\nif [ $? != 0 ] ; then\n    # print error to STDERR\n    echo \"error: The sandbox is not in sync with the Podfile.lock. Run 'pod install' or update your CocoaPods installation.\" >&2\n    exit 1\nfi\n# This output is used by Xcode 'outputs' to avoid re-running this script phase.\necho \"SUCCESS\" > \"${SCRIPT_OUTPUT_FILE_0}\"\n";
			showEnvVarsInLog = 0;
		};
		5A82F7B3CFB5DDBB72708E3A /* [CP] Embed Pods Frameworks */ = {
			isa = PBXShellScriptBuildPhase;
			buildActionMask = 2147483647;
			files = (
			);
			inputFileListPaths = (
				"${PODS_ROOT}/Target Support Files/Pods-BasicRxSwift/Pods-BasicRxSwift-frameworks-${CONFIGURATION}-input-files.xcfilelist",
			);
			name = "[CP] Embed Pods Frameworks";
			outputFileListPaths = (
				"${PODS_ROOT}/Target Support Files/Pods-BasicRxSwift/Pods-BasicRxSwift-frameworks-${CONFIGURATION}-output-files.xcfilelist",
			);
			runOnlyForDeploymentPostprocessing = 0;
			shellPath = /bin/sh;
			shellScript = "\"${PODS_ROOT}/Target Support Files/Pods-BasicRxSwift/Pods-BasicRxSwift-frameworks.sh\"\n";
			showEnvVarsInLog = 0;
		};
		A337FC78753F77B1B456D592 /* [CP] Embed Pods Frameworks */ = {
			isa = PBXShellScriptBuildPhase;
			buildActionMask = 2147483647;
			files = (
			);
			inputFileListPaths = (
				"${PODS_ROOT}/Target Support Files/Pods-BasicRxSwift-BasicRxSwiftUITests/Pods-BasicRxSwift-BasicRxSwiftUITests-frameworks-${CONFIGURATION}-input-files.xcfilelist",
			);
			name = "[CP] Embed Pods Frameworks";
			outputFileListPaths = (
				"${PODS_ROOT}/Target Support Files/Pods-BasicRxSwift-BasicRxSwiftUITests/Pods-BasicRxSwift-BasicRxSwiftUITests-frameworks-${CONFIGURATION}-output-files.xcfilelist",
			);
			runOnlyForDeploymentPostprocessing = 0;
			shellPath = /bin/sh;
			shellScript = "\"${PODS_ROOT}/Target Support Files/Pods-BasicRxSwift-BasicRxSwiftUITests/Pods-BasicRxSwift-BasicRxSwiftUITests-frameworks.sh\"\n";
			showEnvVarsInLog = 0;
		};
		CC29387456E5295ECB4B9AB8 /* [CP] Check Pods Manifest.lock */ = {
			isa = PBXShellScriptBuildPhase;
			buildActionMask = 2147483647;
			files = (
			);
			inputFileListPaths = (
			);
			inputPaths = (
				"${PODS_PODFILE_DIR_PATH}/Podfile.lock",
				"${PODS_ROOT}/Manifest.lock",
			);
			name = "[CP] Check Pods Manifest.lock";
			outputFileListPaths = (
			);
			outputPaths = (
				"$(DERIVED_FILE_DIR)/Pods-BasicRxSwift-BasicRxSwiftUITests-checkManifestLockResult.txt",
			);
			runOnlyForDeploymentPostprocessing = 0;
			shellPath = /bin/sh;
			shellScript = "diff \"${PODS_PODFILE_DIR_PATH}/Podfile.lock\" \"${PODS_ROOT}/Manifest.lock\" > /dev/null\nif [ $? != 0 ] ; then\n    # print error to STDERR\n    echo \"error: The sandbox is not in sync with the Podfile.lock. Run 'pod install' or update your CocoaPods installation.\" >&2\n    exit 1\nfi\n# This output is used by Xcode 'outputs' to avoid re-running this script phase.\necho \"SUCCESS\" > \"${SCRIPT_OUTPUT_FILE_0}\"\n";
			showEnvVarsInLog = 0;
		};
/* End PBXShellScriptBuildPhase section */

/* Begin PBXSourcesBuildPhase section */
		607241732890F9CA00D33275 /* Sources */ = {
			isa = PBXSourcesBuildPhase;
			buildActionMask = 2147483647;
			files = (
				602EA34828B66A74004F1836 /* ActivityIndicator.swift in Sources */,
				6086A86228939AF70092C96B /* HomeModel.swift in Sources */,
				6072417B2890F9CA00D33275 /* AppDelegate.swift in Sources */,
				600CAD7328F9156700184023 /* Networking.swift in Sources */,
				60AF897F28976E07003D6836 /* WeatherCityViewController.swift in Sources */,
				60AF89822897C5EB003D6836 /* WeatherAPI.swift in Sources */,
				60977BF9289CBCDA00AF091A /* Country.swift in Sources */,
				602FB220289BA7D900777269 /* ProvinceViewController.swift in Sources */,
				600CAD6D28F56DB100184023 /* BaseViewController.swift in Sources */,
				602EA34328B6050D004F1836 /* ViewModel.swift in Sources */,
				60C7AF0B2892686C006038FF /* ChangeAvatarViewController.swift in Sources */,
				60B0F59628EAC0EE008B8F4C /* ViewModelType.swift in Sources */,
				60977BFB289CBE9B00AF091A /* APIRequest.swift in Sources */,
				60796A2328A36C2C005115D9 /* LoginViewModel.swift in Sources */,
				60BE528528A0B900005C9C0A /* ProvinceViewModel.swift in Sources */,
				607241AE2890FA3800D33275 /* HomeViewController.swift in Sources */,
				60796A2028A36BE7005115D9 /* LoginViewController.swift in Sources */,
				6010313028BF63CE005274FD /* WebViewController.swift in Sources */,
				600CAD7928F9184700184023 /* User.swift in Sources */,
			);
			runOnlyForDeploymentPostprocessing = 0;
		};
		607241892890F9CB00D33275 /* Sources */ = {
			isa = PBXSourcesBuildPhase;
			buildActionMask = 2147483647;
			files = (
				607241922890F9CB00D33275 /* BasicRxSwiftTests.swift in Sources */,
			);
			runOnlyForDeploymentPostprocessing = 0;
		};
		607241932890F9CB00D33275 /* Sources */ = {
			isa = PBXSourcesBuildPhase;
			buildActionMask = 2147483647;
			files = (
				6072419C2890F9CB00D33275 /* BasicRxSwiftUITests.swift in Sources */,
				6072419E2890F9CB00D33275 /* BasicRxSwiftUITestsLaunchTests.swift in Sources */,
			);
			runOnlyForDeploymentPostprocessing = 0;
		};
/* End PBXSourcesBuildPhase section */

/* Begin PBXTargetDependency section */
		6072418F2890F9CB00D33275 /* PBXTargetDependency */ = {
			isa = PBXTargetDependency;
			target = 607241762890F9CA00D33275 /* BasicRxSwift */;
			targetProxy = 6072418E2890F9CB00D33275 /* PBXContainerItemProxy */;
		};
		607241992890F9CB00D33275 /* PBXTargetDependency */ = {
			isa = PBXTargetDependency;
			target = 607241762890F9CA00D33275 /* BasicRxSwift */;
			targetProxy = 607241982890F9CB00D33275 /* PBXContainerItemProxy */;
		};
/* End PBXTargetDependency section */

/* Begin XCBuildConfiguration section */
		6072419F2890F9CB00D33275 /* Debug */ = {
			isa = XCBuildConfiguration;
			buildSettings = {
				ALWAYS_SEARCH_USER_PATHS = NO;
				CLANG_ANALYZER_NONNULL = YES;
				CLANG_ANALYZER_NUMBER_OBJECT_CONVERSION = YES_AGGRESSIVE;
				CLANG_CXX_LANGUAGE_STANDARD = "gnu++17";
				CLANG_CXX_LIBRARY = "libc++";
				CLANG_ENABLE_MODULES = YES;
				CLANG_ENABLE_OBJC_ARC = YES;
				CLANG_ENABLE_OBJC_WEAK = YES;
				CLANG_WARN_BLOCK_CAPTURE_AUTORELEASING = YES;
				CLANG_WARN_BOOL_CONVERSION = YES;
				CLANG_WARN_COMMA = YES;
				CLANG_WARN_CONSTANT_CONVERSION = YES;
				CLANG_WARN_DEPRECATED_OBJC_IMPLEMENTATIONS = YES;
				CLANG_WARN_DIRECT_OBJC_ISA_USAGE = YES_ERROR;
				CLANG_WARN_DOCUMENTATION_COMMENTS = YES;
				CLANG_WARN_EMPTY_BODY = YES;
				CLANG_WARN_ENUM_CONVERSION = YES;
				CLANG_WARN_INFINITE_RECURSION = YES;
				CLANG_WARN_INT_CONVERSION = YES;
				CLANG_WARN_NON_LITERAL_NULL_CONVERSION = YES;
				CLANG_WARN_OBJC_IMPLICIT_RETAIN_SELF = YES;
				CLANG_WARN_OBJC_LITERAL_CONVERSION = YES;
				CLANG_WARN_OBJC_ROOT_CLASS = YES_ERROR;
				CLANG_WARN_QUOTED_INCLUDE_IN_FRAMEWORK_HEADER = YES;
				CLANG_WARN_RANGE_LOOP_ANALYSIS = YES;
				CLANG_WARN_STRICT_PROTOTYPES = YES;
				CLANG_WARN_SUSPICIOUS_MOVE = YES;
				CLANG_WARN_UNGUARDED_AVAILABILITY = YES_AGGRESSIVE;
				CLANG_WARN_UNREACHABLE_CODE = YES;
				CLANG_WARN__DUPLICATE_METHOD_MATCH = YES;
				COPY_PHASE_STRIP = NO;
				DEBUG_INFORMATION_FORMAT = dwarf;
				ENABLE_STRICT_OBJC_MSGSEND = YES;
				ENABLE_TESTABILITY = YES;
				GCC_C_LANGUAGE_STANDARD = gnu11;
				GCC_DYNAMIC_NO_PIC = NO;
				GCC_NO_COMMON_BLOCKS = YES;
				GCC_OPTIMIZATION_LEVEL = 0;
				GCC_PREPROCESSOR_DEFINITIONS = (
					"DEBUG=1",
					"$(inherited)",
				);
				GCC_WARN_64_TO_32_BIT_CONVERSION = YES;
				GCC_WARN_ABOUT_RETURN_TYPE = YES_ERROR;
				GCC_WARN_UNDECLARED_SELECTOR = YES;
				GCC_WARN_UNINITIALIZED_AUTOS = YES_AGGRESSIVE;
				GCC_WARN_UNUSED_FUNCTION = YES;
				GCC_WARN_UNUSED_VARIABLE = YES;
				IPHONEOS_DEPLOYMENT_TARGET = 15.0;
				MTL_ENABLE_DEBUG_INFO = INCLUDE_SOURCE;
				MTL_FAST_MATH = YES;
				ONLY_ACTIVE_ARCH = YES;
				SDKROOT = iphoneos;
				SWIFT_ACTIVE_COMPILATION_CONDITIONS = DEBUG;
				SWIFT_OPTIMIZATION_LEVEL = "-Onone";
			};
			name = Debug;
		};
		607241A02890F9CB00D33275 /* Release */ = {
			isa = XCBuildConfiguration;
			buildSettings = {
				ALWAYS_SEARCH_USER_PATHS = NO;
				CLANG_ANALYZER_NONNULL = YES;
				CLANG_ANALYZER_NUMBER_OBJECT_CONVERSION = YES_AGGRESSIVE;
				CLANG_CXX_LANGUAGE_STANDARD = "gnu++17";
				CLANG_CXX_LIBRARY = "libc++";
				CLANG_ENABLE_MODULES = YES;
				CLANG_ENABLE_OBJC_ARC = YES;
				CLANG_ENABLE_OBJC_WEAK = YES;
				CLANG_WARN_BLOCK_CAPTURE_AUTORELEASING = YES;
				CLANG_WARN_BOOL_CONVERSION = YES;
				CLANG_WARN_COMMA = YES;
				CLANG_WARN_CONSTANT_CONVERSION = YES;
				CLANG_WARN_DEPRECATED_OBJC_IMPLEMENTATIONS = YES;
				CLANG_WARN_DIRECT_OBJC_ISA_USAGE = YES_ERROR;
				CLANG_WARN_DOCUMENTATION_COMMENTS = YES;
				CLANG_WARN_EMPTY_BODY = YES;
				CLANG_WARN_ENUM_CONVERSION = YES;
				CLANG_WARN_INFINITE_RECURSION = YES;
				CLANG_WARN_INT_CONVERSION = YES;
				CLANG_WARN_NON_LITERAL_NULL_CONVERSION = YES;
				CLANG_WARN_OBJC_IMPLICIT_RETAIN_SELF = YES;
				CLANG_WARN_OBJC_LITERAL_CONVERSION = YES;
				CLANG_WARN_OBJC_ROOT_CLASS = YES_ERROR;
				CLANG_WARN_QUOTED_INCLUDE_IN_FRAMEWORK_HEADER = YES;
				CLANG_WARN_RANGE_LOOP_ANALYSIS = YES;
				CLANG_WARN_STRICT_PROTOTYPES = YES;
				CLANG_WARN_SUSPICIOUS_MOVE = YES;
				CLANG_WARN_UNGUARDED_AVAILABILITY = YES_AGGRESSIVE;
				CLANG_WARN_UNREACHABLE_CODE = YES;
				CLANG_WARN__DUPLICATE_METHOD_MATCH = YES;
				COPY_PHASE_STRIP = NO;
				DEBUG_INFORMATION_FORMAT = "dwarf-with-dsym";
				ENABLE_NS_ASSERTIONS = NO;
				ENABLE_STRICT_OBJC_MSGSEND = YES;
				GCC_C_LANGUAGE_STANDARD = gnu11;
				GCC_NO_COMMON_BLOCKS = YES;
				GCC_WARN_64_TO_32_BIT_CONVERSION = YES;
				GCC_WARN_ABOUT_RETURN_TYPE = YES_ERROR;
				GCC_WARN_UNDECLARED_SELECTOR = YES;
				GCC_WARN_UNINITIALIZED_AUTOS = YES_AGGRESSIVE;
				GCC_WARN_UNUSED_FUNCTION = YES;
				GCC_WARN_UNUSED_VARIABLE = YES;
				IPHONEOS_DEPLOYMENT_TARGET = 15.0;
				MTL_ENABLE_DEBUG_INFO = NO;
				MTL_FAST_MATH = YES;
				SDKROOT = iphoneos;
				SWIFT_COMPILATION_MODE = wholemodule;
				SWIFT_OPTIMIZATION_LEVEL = "-O";
				VALIDATE_PRODUCT = YES;
			};
			name = Release;
		};
		607241A22890F9CB00D33275 /* Debug */ = {
			isa = XCBuildConfiguration;
			baseConfigurationReference = 1BA84D5B1C4B58340021FD52 /* Pods-BasicRxSwift.debug.xcconfig */;
			buildSettings = {
				ASSETCATALOG_COMPILER_APPICON_NAME = AppIcon;
				ASSETCATALOG_COMPILER_GLOBAL_ACCENT_COLOR_NAME = AccentColor;
				CODE_SIGN_STYLE = Automatic;
				CURRENT_PROJECT_VERSION = 1;
				DEVELOPMENT_TEAM = 359AM89X26;
				GENERATE_INFOPLIST_FILE = YES;
				INFOPLIST_FILE = BasicRxSwift/Info.plist;
				INFOPLIST_KEY_UIApplicationSupportsIndirectInputEvents = YES;
				INFOPLIST_KEY_UILaunchStoryboardName = LaunchScreen;
				INFOPLIST_KEY_UISupportedInterfaceOrientations_iPad = "UIInterfaceOrientationPortrait UIInterfaceOrientationPortraitUpsideDown UIInterfaceOrientationLandscapeLeft UIInterfaceOrientationLandscapeRight";
				INFOPLIST_KEY_UISupportedInterfaceOrientations_iPhone = "UIInterfaceOrientationPortrait UIInterfaceOrientationLandscapeLeft UIInterfaceOrientationLandscapeRight";
				LD_RUNPATH_SEARCH_PATHS = (
					"$(inherited)",
					"@executable_path/Frameworks",
				);
				MARKETING_VERSION = 1.0;
				PRODUCT_BUNDLE_IDENTIFIER = PersonalOrz.BasicRxSwift;
				PRODUCT_NAME = "$(TARGET_NAME)";
				SWIFT_EMIT_LOC_STRINGS = YES;
				SWIFT_VERSION = 5.0;
				TARGETED_DEVICE_FAMILY = "1,2";
			};
			name = Debug;
		};
		607241A32890F9CB00D33275 /* Release */ = {
			isa = XCBuildConfiguration;
			baseConfigurationReference = 3B22E5100440F969DF85A309 /* Pods-BasicRxSwift.release.xcconfig */;
			buildSettings = {
				ASSETCATALOG_COMPILER_APPICON_NAME = AppIcon;
				ASSETCATALOG_COMPILER_GLOBAL_ACCENT_COLOR_NAME = AccentColor;
				CODE_SIGN_STYLE = Automatic;
				CURRENT_PROJECT_VERSION = 1;
				DEVELOPMENT_TEAM = 359AM89X26;
				GENERATE_INFOPLIST_FILE = YES;
				INFOPLIST_FILE = BasicRxSwift/Info.plist;
				INFOPLIST_KEY_UIApplicationSupportsIndirectInputEvents = YES;
				INFOPLIST_KEY_UILaunchStoryboardName = LaunchScreen;
				INFOPLIST_KEY_UISupportedInterfaceOrientations_iPad = "UIInterfaceOrientationPortrait UIInterfaceOrientationPortraitUpsideDown UIInterfaceOrientationLandscapeLeft UIInterfaceOrientationLandscapeRight";
				INFOPLIST_KEY_UISupportedInterfaceOrientations_iPhone = "UIInterfaceOrientationPortrait UIInterfaceOrientationLandscapeLeft UIInterfaceOrientationLandscapeRight";
				LD_RUNPATH_SEARCH_PATHS = (
					"$(inherited)",
					"@executable_path/Frameworks",
				);
				MARKETING_VERSION = 1.0;
				PRODUCT_BUNDLE_IDENTIFIER = PersonalOrz.BasicRxSwift;
				PRODUCT_NAME = "$(TARGET_NAME)";
				SWIFT_EMIT_LOC_STRINGS = YES;
				SWIFT_VERSION = 5.0;
				TARGETED_DEVICE_FAMILY = "1,2";
			};
			name = Release;
		};
		607241A52890F9CB00D33275 /* Debug */ = {
			isa = XCBuildConfiguration;
			baseConfigurationReference = CA2860ECCC5DF27782F6726A /* Pods-BasicRxSwiftTests.debug.xcconfig */;
			buildSettings = {
				ALWAYS_EMBED_SWIFT_STANDARD_LIBRARIES = YES;
				BUNDLE_LOADER = "$(TEST_HOST)";
				CODE_SIGN_STYLE = Automatic;
				CURRENT_PROJECT_VERSION = 1;
				DEVELOPMENT_TEAM = 359AM89X26;
				GENERATE_INFOPLIST_FILE = YES;
				IPHONEOS_DEPLOYMENT_TARGET = 15.0;
				LD_RUNPATH_SEARCH_PATHS = (
					"$(inherited)",
					"@executable_path/Frameworks",
					"@loader_path/Frameworks",
				);
				MARKETING_VERSION = 1.0;
				PRODUCT_BUNDLE_IDENTIFIER = PersonalOrz.BasicRxSwiftTests;
				PRODUCT_NAME = "$(TARGET_NAME)";
				SWIFT_EMIT_LOC_STRINGS = NO;
				SWIFT_VERSION = 5.0;
				TARGETED_DEVICE_FAMILY = "1,2";
				TEST_HOST = "$(BUILT_PRODUCTS_DIR)/BasicRxSwift.app/BasicRxSwift";
			};
			name = Debug;
		};
		607241A62890F9CB00D33275 /* Release */ = {
			isa = XCBuildConfiguration;
			baseConfigurationReference = DC78867290E4F05AA47D0F38 /* Pods-BasicRxSwiftTests.release.xcconfig */;
			buildSettings = {
				ALWAYS_EMBED_SWIFT_STANDARD_LIBRARIES = YES;
				BUNDLE_LOADER = "$(TEST_HOST)";
				CODE_SIGN_STYLE = Automatic;
				CURRENT_PROJECT_VERSION = 1;
				DEVELOPMENT_TEAM = 359AM89X26;
				GENERATE_INFOPLIST_FILE = YES;
				IPHONEOS_DEPLOYMENT_TARGET = 15.0;
				LD_RUNPATH_SEARCH_PATHS = (
					"$(inherited)",
					"@executable_path/Frameworks",
					"@loader_path/Frameworks",
				);
				MARKETING_VERSION = 1.0;
				PRODUCT_BUNDLE_IDENTIFIER = PersonalOrz.BasicRxSwiftTests;
				PRODUCT_NAME = "$(TARGET_NAME)";
				SWIFT_EMIT_LOC_STRINGS = NO;
				SWIFT_VERSION = 5.0;
				TARGETED_DEVICE_FAMILY = "1,2";
				TEST_HOST = "$(BUILT_PRODUCTS_DIR)/BasicRxSwift.app/BasicRxSwift";
			};
			name = Release;
		};
		607241A82890F9CB00D33275 /* Debug */ = {
			isa = XCBuildConfiguration;
			baseConfigurationReference = 5DFD81CDB3BD8E3BC3EBC524 /* Pods-BasicRxSwift-BasicRxSwiftUITests.debug.xcconfig */;
			buildSettings = {
				ALWAYS_EMBED_SWIFT_STANDARD_LIBRARIES = YES;
				CODE_SIGN_STYLE = Automatic;
				CURRENT_PROJECT_VERSION = 1;
				DEVELOPMENT_TEAM = 359AM89X26;
				GENERATE_INFOPLIST_FILE = YES;
				LD_RUNPATH_SEARCH_PATHS = (
					"$(inherited)",
					"@executable_path/Frameworks",
					"@loader_path/Frameworks",
				);
				MARKETING_VERSION = 1.0;
				PRODUCT_BUNDLE_IDENTIFIER = PersonalOrz.BasicRxSwiftUITests;
				PRODUCT_NAME = "$(TARGET_NAME)";
				SWIFT_EMIT_LOC_STRINGS = NO;
				SWIFT_VERSION = 5.0;
				TARGETED_DEVICE_FAMILY = "1,2";
				TEST_TARGET_NAME = BasicRxSwift;
			};
			name = Debug;
		};
		607241A92890F9CB00D33275 /* Release */ = {
			isa = XCBuildConfiguration;
			baseConfigurationReference = 43B746ACD942435A5CFA44EB /* Pods-BasicRxSwift-BasicRxSwiftUITests.release.xcconfig */;
			buildSettings = {
				ALWAYS_EMBED_SWIFT_STANDARD_LIBRARIES = YES;
				CODE_SIGN_STYLE = Automatic;
				CURRENT_PROJECT_VERSION = 1;
				DEVELOPMENT_TEAM = 359AM89X26;
				GENERATE_INFOPLIST_FILE = YES;
				LD_RUNPATH_SEARCH_PATHS = (
					"$(inherited)",
					"@executable_path/Frameworks",
					"@loader_path/Frameworks",
				);
				MARKETING_VERSION = 1.0;
				PRODUCT_BUNDLE_IDENTIFIER = PersonalOrz.BasicRxSwiftUITests;
				PRODUCT_NAME = "$(TARGET_NAME)";
				SWIFT_EMIT_LOC_STRINGS = NO;
				SWIFT_VERSION = 5.0;
				TARGETED_DEVICE_FAMILY = "1,2";
				TEST_TARGET_NAME = BasicRxSwift;
			};
			name = Release;
		};
/* End XCBuildConfiguration section */

/* Begin XCConfigurationList section */
		607241722890F9CA00D33275 /* Build configuration list for PBXProject "BasicRxSwift" */ = {
			isa = XCConfigurationList;
			buildConfigurations = (
				6072419F2890F9CB00D33275 /* Debug */,
				607241A02890F9CB00D33275 /* Release */,
			);
			defaultConfigurationIsVisible = 0;
			defaultConfigurationName = Release;
		};
		607241A12890F9CB00D33275 /* Build configuration list for PBXNativeTarget "BasicRxSwift" */ = {
			isa = XCConfigurationList;
			buildConfigurations = (
				607241A22890F9CB00D33275 /* Debug */,
				607241A32890F9CB00D33275 /* Release */,
			);
			defaultConfigurationIsVisible = 0;
			defaultConfigurationName = Release;
		};
		607241A42890F9CB00D33275 /* Build configuration list for PBXNativeTarget "BasicRxSwiftTests" */ = {
			isa = XCConfigurationList;
			buildConfigurations = (
				607241A52890F9CB00D33275 /* Debug */,
				607241A62890F9CB00D33275 /* Release */,
			);
			defaultConfigurationIsVisible = 0;
			defaultConfigurationName = Release;
		};
		607241A72890F9CB00D33275 /* Build configuration list for PBXNativeTarget "BasicRxSwiftUITests" */ = {
			isa = XCConfigurationList;
			buildConfigurations = (
				607241A82890F9CB00D33275 /* Debug */,
				607241A92890F9CB00D33275 /* Release */,
			);
			defaultConfigurationIsVisible = 0;
			defaultConfigurationName = Release;
		};
/* End XCConfigurationList section */
	};
	rootObject = 6072416F2890F9CA00D33275 /* Project object */;
}
